PODS:
  - Eagle-iOS (1.0.0)
  - ios-voice-processor (1.0.3)

DEPENDENCIES:
  - Eagle-iOS (~> 1.0.0)
  - ios-voice-processor (~> 1.0.3)

SPEC REPOS:
  trunk:
    - Eagle-iOS
    - ios-voice-processor

SPEC CHECKSUMS:
  Eagle-iOS: 02067133a7460faf56e0ef7b995c93543a8e0450
  ios-voice-processor: 65b25a8db69ea25ffba0eeef37bae71a982f34cc

PODFILE CHECKSUM: c59a587171121f40999eaa8fa09eec66ca21dcd9

COCOAPODS: 1.11.3
