PODS:
  - Eagle-iOS (0.2.0)

DEPENDENCIES:
  - Eagle-iOS (from `https://raw.githubusercontent.com/Picovoice/eagle/v0.2-ios/binding/ios/Eagle-iOS.podspec`)

EXTERNAL SOURCES:
  Eagle-iOS:
    :podspec: https://raw.githubusercontent.com/Picovoice/eagle/v0.2-ios/binding/ios/Eagle-iOS.podspec

SPEC CHECKSUMS:
  Eagle-iOS: 155eb54e73e37533a0accf3ea5fa1a37d8c999ad

PODFILE CHECKSUM: 6ecb4b66367607455bddf4dcad4ec1f8c70935a7

COCOAPODS: 1.11.3
